// !$*UTF8*$!
{
	archiveVersion = 1;
	classes = {
	};
	objectVersion = 77;
	objects = {

/* Begin PBXBuildFile section */
		18B3EA442F4348290010CCA7 /* GoogleSignIn in Frameworks */ = {isa = PBXBuildFile; productRef = 18B3EA432F4348290010CCA7 /* GoogleSignIn */; };
		18B3EA462F4348290010CCA7 /* GoogleSignInSwift in Frameworks */ = {isa = PBXBuildFile; productRef = 18B3EA452F4348290010CCA7 /* GoogleSignInSwift */; };
		18B3EDE02F453AFD0010CCA7 /* FirebaseFunctions in Frameworks */ = {isa = PBXBuildFile; productRef = 18B3EDDF2F453AFD0010CCA7 /* FirebaseFunctions */; };
		18B3EDE32F453EBB0010CCA7 /* StripePaymentSheet in Frameworks */ = {isa = PBXBuildFile; productRef = 18B3EDE22F453EBB0010CCA7 /* StripePaymentSheet */; };
		18B3EDE52F4549820010CCA7 /* Stripe in Frameworks */ = {isa = PBXBuildFile; productRef = 18B3EDE42F4549820010CCA7 /* Stripe */; };
		18CB2B8D2F317372004DC4CD /* LaunchScreen.storyboard in Resources */ = {isa = PBXBuildFile; fileRef = 18CB2B8C2F317372004DC4CD /* LaunchScreen.storyboard */; };
		18EF23AC2F00A14600660677 /* FirebaseAuth in Frameworks */ = {isa = PBXBuildFile; productRef = 18EF23AB2F00A14600660677 /* FirebaseAuth */; };
		18EF23AE2F00A14600660677 /* FirebaseFirestore in Frameworks */ = {isa = PBXBuildFile; productRef = 18EF23AD2F00A14600660677 /* FirebaseFirestore */; };
		18EF23B02F00A14600660677 /* FirebaseFirestoreSwift in Frameworks */ = {isa = PBXBuildFile; productRef = 18EF23AF2F00A14600660677 /* FirebaseFirestoreSwift */; };
		18EF23B22F00A14600660677 /* FirebaseStorage in Frameworks */ = {isa = PBXBuildFile; productRef = 18EF23B12F00A14600660677 /* FirebaseStorage */; };
/* End PBXBuildFile section */

/* Begin PBXContainerItemProxy section */
		1886573D2EDDECEC00C1F0F9 /* PBXContainerItemProxy */ = {
			isa = PBXContainerItemProxy;
			containerPortal = 188657242EDDECEA00C1F0F9 /* Project object */;
			proxyType = 1;
			remoteGlobalIDString = 1886572B2EDDECEA00C1F0F9;
			remoteInfo = LocalLink;
		};
		188657472EDDECEC00C1F0F9 /* PBXContainerItemProxy */ = {
			isa = PBXContainerItemProxy;
			containerPortal = 188657242EDDECEA00C1F0F9 /* Project object */;
			proxyType = 1;
			remoteGlobalIDString = 1886572B2EDDECEA00C1F0F9;
			remoteInfo = LocalLink;
		};
/* End PBXContainerItemProxy section */

/* Begin PBXFileReference section */
		1886572C2EDDECEA00C1F0F9 /* LocalLink.app */ = {isa = PBXFileReference; explicitFileType = wrapper.application; includeInIndex = 0; path = LocalLink.app; sourceTree = BUILT_PRODUCTS_DIR; };
		1886573C2EDDECEC00C1F0F9 /* LocalLinkTests.xctest */ = {isa = PBXFileReference; explicitFileType = wrapper.cfbundle; includeInIndex = 0; path = LocalLinkTests.xctest; sourceTree = BUILT_PRODUCTS_DIR; };
		188657462EDDECEC00C1F0F9 /* LocalLinkUITests.xctest */ = {isa = PBXFileReference; explicitFileType = wrapper.cfbundle; includeInIndex = 0; path = LocalLinkUITests.xctest; sourceTree = BUILT_PRODUCTS_DIR; };
		18CB2B8C2F317372004DC4CD /* LaunchScreen.storyboard */ = {isa = PBXFileReference; lastKnownFileType = file.storyboard; path = LaunchScreen.storyboard; sourceTree = "<group>"; };
/* End PBXFileReference section */

/* Begin PBXFileSystemSynchronizedBuildFileExceptionSet section */
		18B786552EEE3FA800A55500 /* Exceptions for "LocalLink" folder in "LocalLink" target */ = {
			isa = PBXFileSystemSynchronizedBuildFileExceptionSet;
			membershipExceptions = (
				Info.plist,
				Models/BookingSlot.swift,
				Models/StaffMember.swift,
				Services/StoreKitManager.swift,
				Services/WeeklyAvailbilityRepository.swift,
				Utilities/BookingAvailabilityValidator.swift,
				Views/AddServiceView.swift,
				Views/Customer/BookingDetailView.swift,
			);
			target = 1886572B2EDDECEA00C1F0F9 /* LocalLink */;
		};
/* End PBXFileSystemSynchronizedBuildFileExceptionSet section */

/* Begin PBXFileSystemSynchronizedRootGroup section */
		1886572E2EDDECEA00C1F0F9 /* LocalLink */ = {
			isa = PBXFileSystemSynchronizedRootGroup;
			exceptions = (
				18B786552EEE3FA800A55500 /* Exceptions for "LocalLink" folder in "LocalLink" target */,
			);
			path = LocalLink;
			sourceTree = "<group>";
		};
		1886573F2EDDECEC00C1F0F9 /* LocalLinkTests */ = {
			isa = PBXFileSystemSynchronizedRootGroup;
			path = LocalLinkTests;
			sourceTree = "<group>";
		};
		188657492EDDECEC00C1F0F9 /* LocalLinkUITests */ = {
			isa = PBXFileSystemSynchronizedRootGroup;
			path = LocalLinkUITests;
			sourceTree = "<group>";
		};
/* End PBXFileSystemSynchronizedRootGroup section */

/* Begin PBXFrameworksBuildPhase section */
		188657292EDDECEA00C1F0F9 /* Frameworks */ = {
			isa = PBXFrameworksBuildPhase;
			buildActionMask = 2147483647;
			files = (
				18B3EDE32F453EBB0010CCA7 /* StripePaymentSheet in Frameworks */,
				18B3EA442F4348290010CCA7 /* GoogleSignIn in Frameworks */,
				18B3EDE02F453AFD0010CCA7 /* FirebaseFunctions in Frameworks */,
				18EF23AC2F00A14600660677 /* FirebaseAuth in Frameworks */,
				18EF23B22F00A14600660677 /* FirebaseStorage in Frameworks */,
				18B3EA462F4348290010CCA7 /* GoogleSignInSwift in Frameworks */,
				18EF23AE2F00A14600660677 /* FirebaseFirestore in Frameworks */,
				18EF23B02F00A14600660677 /* FirebaseFirestoreSwift in Frameworks */,
				18B3EDE52F4549820010CCA7 /* Stripe in Frameworks */,
			);
			runOnlyForDeploymentPostprocessing = 0;
		};
		188657392EDDECEC00C1F0F9 /* Frameworks */ = {
			isa = PBXFrameworksBuildPhase;
			buildActionMask = 2147483647;
			files = (
			);
			runOnlyForDeploymentPostprocessing = 0;
		};
		188657432EDDECEC00C1F0F9 /* Frameworks */ = {
			isa = PBXFrameworksBuildPhase;
			buildActionMask = 2147483647;
			files = (
			);
			runOnlyForDeploymentPostprocessing = 0;
		};
/* End PBXFrameworksBuildPhase section */

/* Begin PBXGroup section */
		188657232EDDECEA00C1F0F9 = {
			isa = PBXGroup;
			children = (
				18CB2B8C2F317372004DC4CD /* LaunchScreen.storyboard */,
				1886572E2EDDECEA00C1F0F9 /* LocalLink */,
				1886573F2EDDECEC00C1F0F9 /* LocalLinkTests */,
				188657492EDDECEC00C1F0F9 /* LocalLinkUITests */,
				18B3E90E2F43436A0010CCA7 /* Frameworks */,
				1886572D2EDDECEA00C1F0F9 /* Products */,
			);
			sourceTree = "<group>";
		};
		1886572D2EDDECEA00C1F0F9 /* Products */ = {
			isa = PBXGroup;
			children = (
				1886572C2EDDECEA00C1F0F9 /* LocalLink.app */,
				1886573C2EDDECEC00C1F0F9 /* LocalLinkTests.xctest */,
				188657462EDDECEC00C1F0F9 /* LocalLinkUITests.xctest */,
			);
			name = Products;
			sourceTree = "<group>";
		};
		18B3E90E2F43436A0010CCA7 /* Frameworks */ = {
			isa = PBXGroup;
			children = (
			);
			name = Frameworks;
			sourceTree = "<group>";
		};
/* End PBXGroup section */

/* Begin PBXNativeTarget section */
		1886572B2EDDECEA00C1F0F9 /* LocalLink */ = {
			isa = PBXNativeTarget;
			buildConfigurationList = 188657502EDDECEC00C1F0F9 /* Build configuration list for PBXNativeTarget "LocalLink" */;
			buildPhases = (
				188657282EDDECEA00C1F0F9 /* Sources */,
				188657292EDDECEA00C1F0F9 /* Frameworks */,
				1886572A2EDDECEA00C1F0F9 /* Resources */,
			);
			buildRules = (
			);
			dependencies = (
			);
			fileSystemSynchronizedGroups = (
				1886572E2EDDECEA00C1F0F9 /* LocalLink */,
			);
			name = LocalLink;
			packageProductDependencies = (
				18EF23AB2F00A14600660677 /* FirebaseAuth */,
				18EF23AD2F00A14600660677 /* FirebaseFirestore */,
				18EF23AF2F00A14600660677 /* FirebaseFirestoreSwift */,
				18EF23B12F00A14600660677 /* FirebaseStorage */,
				18B3EA432F4348290010CCA7 /* GoogleSignIn */,
				18B3EA452F4348290010CCA7 /* GoogleSignInSwift */,
				18B3EDDF2F453AFD0010CCA7 /* FirebaseFunctions */,
				18B3EDE22F453EBB0010CCA7 /* StripePaymentSheet */,
				18B3EDE42F4549820010CCA7 /* Stripe */,
			);
			productName = LocalLink;
			productReference = 1886572C2EDDECEA00C1F0F9 /* LocalLink.app */;
			productType = "com.apple.product-type.application";
		};
		1886573B2EDDECEC00C1F0F9 /* LocalLinkTests */ = {
			isa = PBXNativeTarget;
			buildConfigurationList = 188657532EDDECEC00C1F0F9 /* Build configuration list for PBXNativeTarget "LocalLinkTests" */;
			buildPhases = (
				188657382EDDECEC00C1F0F9 /* Sources */,
				188657392EDDECEC00C1F0F9 /* Frameworks */,
				1886573A2EDDECEC00C1F0F9 /* Resources */,
			);
			buildRules = (
			);
			dependencies = (
				1886573E2EDDECEC00C1F0F9 /* PBXTargetDependency */,
			);
			fileSystemSynchronizedGroups = (
				1886573F2EDDECEC00C1F0F9 /* LocalLinkTests */,
			);
			name = LocalLinkTests;
			packageProductDependencies = (
			);
			productName = LocalLinkTests;
			productReference = 1886573C2EDDECEC00C1F0F9 /* LocalLinkTests.xctest */;
			productType = "com.apple.product-type.bundle.unit-test";
		};
		188657452EDDECEC00C1F0F9 /* LocalLinkUITests */ = {
			isa = PBXNativeTarget;
			buildConfigurationList = 188657562EDDECEC00C1F0F9 /* Build configuration list for PBXNativeTarget "LocalLinkUITests" */;
			buildPhases = (
				188657422EDDECEC00C1F0F9 /* Sources */,
				188657432EDDECEC00C1F0F9 /* Frameworks */,
				188657442EDDECEC00C1F0F9 /* Resources */,
			);
			buildRules = (
			);
			dependencies = (
				188657482EDDECEC00C1F0F9 /* PBXTargetDependency */,
			);
			fileSystemSynchronizedGroups = (
				188657492EDDECEC00C1F0F9 /* LocalLinkUITests */,
			);
			name = LocalLinkUITests;
			packageProductDependencies = (
			);
			productName = LocalLinkUITests;
			productReference = 188657462EDDECEC00C1F0F9 /* LocalLinkUITests.xctest */;
			productType = "com.apple.product-type.bundle.ui-testing";
		};
/* End PBXNativeTarget section */

/* Begin PBXProject section */
		188657242EDDECEA00C1F0F9 /* Project object */ = {
			isa = PBXProject;
			attributes = {
				BuildIndependentTargetsInParallel = 1;
				LastSwiftUpdateCheck = 1620;
				LastUpgradeCheck = 1620;
				TargetAttributes = {
					1886572B2EDDECEA00C1F0F9 = {
						CreatedOnToolsVersion = 16.2;
					};
					1886573B2EDDECEC00C1F0F9 = {
						CreatedOnToolsVersion = 16.2;
						TestTargetID = 1886572B2EDDECEA00C1F0F9;
					};
					188657452EDDECEC00C1F0F9 = {
						CreatedOnToolsVersion = 16.2;
						TestTargetID = 1886572B2EDDECEA00C1F0F9;
					};
				};
			};
			buildConfigurationList = 188657272EDDECEA00C1F0F9 /* Build configuration list for PBXProject "LocalLink" */;
			developmentRegion = en;
			hasScannedForEncodings = 0;
			knownRegions = (
				en,
				Base,
			);
			mainGroup = 188657232EDDECEA00C1F0F9;
			minimizedProjectReferenceProxies = 1;
			packageReferences = (
				18A3464D2EE63BCD0037116F /* XCRemoteSwiftPackageReference "SDWebImageSwiftUI" */,
				18EF23AA2F00A14600660677 /* XCRemoteSwiftPackageReference "firebase-ios-sdk" */,
				18B3EA422F4348290010CCA7 /* XCRemoteSwiftPackageReference "GoogleSignIn-iOS" */,
				18B3EDE12F453EBB0010CCA7 /* XCRemoteSwiftPackageReference "stripe-ios" */,
			);
			preferredProjectObjectVersion = 77;
			productRefGroup = 1886572D2EDDECEA00C1F0F9 /* Products */;
			projectDirPath = "";
			projectRoot = "";
			targets = (
				1886572B2EDDECEA00C1F0F9 /* LocalLink */,
				1886573B2EDDECEC00C1F0F9 /* LocalLinkTests */,
				188657452EDDECEC00C1F0F9 /* LocalLinkUITests */,
			);
		};
/* End PBXProject section */

/* Begin PBXResourcesBuildPhase section */
		1886572A2EDDECEA00C1F0F9 /* Resources */ = {
			isa = PBXResourcesBuildPhase;
			buildActionMask = 2147483647;
			files = (
				18CB2B8D2F317372004DC4CD /* LaunchScreen.storyboard in Resources */,
			);
			runOnlyForDeploymentPostprocessing = 0;
		};
		1886573A2EDDECEC00C1F0F9 /* Resources */ = {
			isa = PBXResourcesBuildPhase;
			buildActionMask = 2147483647;
			files = (
			);
			runOnlyForDeploymentPostprocessing = 0;
		};
		188657442EDDECEC00C1F0F9 /* Resources */ = {
			isa = PBXResourcesBuildPhase;
			buildActionMask = 2147483647;
			files = (
			);
			runOnlyForDeploymentPostprocessing = 0;
		};
/* End PBXResourcesBuildPhase section */

/* Begin PBXSourcesBuildPhase section */
		188657282EDDECEA00C1F0F9 /* Sources */ = {
			isa = PBXSourcesBuildPhase;
			buildActionMask = 2147483647;
			files = (
			);
			runOnlyForDeploymentPostprocessing = 0;
		};
		188657382EDDECEC00C1F0F9 /* Sources */ = {
			isa = PBXSourcesBuildPhase;
			buildActionMask = 2147483647;
			files = (
			);
			runOnlyForDeploymentPostprocessing = 0;
		};
		188657422EDDECEC00C1F0F9 /* Sources */ = {
			isa = PBXSourcesBuildPhase;
			buildActionMask = 2147483647;
			files = (
			);
			runOnlyForDeploymentPostprocessing = 0;
		};
/* End PBXSourcesBuildPhase section */

/* Begin PBXTargetDependency section */
		1886573E2EDDECEC00C1F0F9 /* PBXTargetDependency */ = {
			isa = PBXTargetDependency;
			target = 1886572B2EDDECEA00C1F0F9 /* LocalLink */;
			targetProxy = 1886573D2EDDECEC00C1F0F9 /* PBXContainerItemProxy */;
		};
		188657482EDDECEC00C1F0F9 /* PBXTargetDependency */ = {
			isa = PBXTargetDependency;
			target = 1886572B2EDDECEA00C1F0F9 /* LocalLink */;
			targetProxy = 188657472EDDECEC00C1F0F9 /* PBXContainerItemProxy */;
		};
/* End PBXTargetDependency section */

/* Begin XCBuildConfiguration section */
		1886574E2EDDECEC00C1F0F9 /* Debug */ = {
			isa = XCBuildConfiguration;
			buildSettings = {
				ALWAYS_SEARCH_USER_PATHS = NO;
				ASSETCATALOG_COMPILER_GENERATE_SWIFT_ASSET_SYMBOL_EXTENSIONS = YES;
				CLANG_ANALYZER_NONNULL = YES;
				CLANG_ANALYZER_NUMBER_OBJECT_CONVERSION = YES_AGGRESSIVE;
				CLANG_CXX_LANGUAGE_STANDARD = "gnu++20";
				CLANG_ENABLE_MODULES = YES;
				CLANG_ENABLE_OBJC_ARC = YES;
				CLANG_ENABLE_OBJC_WEAK = YES;
				CLANG_WARN_BLOCK_CAPTURE_AUTORELEASING = YES;
				CLANG_WARN_BOOL_CONVERSION = YES;
				CLANG_WARN_COMMA = YES;
				CLANG_WARN_CONSTANT_CONVERSION = YES;
				CLANG_WARN_DEPRECATED_OBJC_IMPLEMENTATIONS = YES;
				CLANG_WARN_DIRECT_OBJC_ISA_USAGE = YES_ERROR;
				CLANG_WARN_DOCUMENTATION_COMMENTS = YES;
				CLANG_WARN_EMPTY_BODY = YES;
				CLANG_WARN_ENUM_CONVERSION = YES;
				CLANG_WARN_INFINITE_RECURSION = YES;
				CLANG_WARN_INT_CONVERSION = YES;
				CLANG_WARN_NON_LITERAL_NULL_CONVERSION = YES;
				CLANG_WARN_OBJC_IMPLICIT_RETAIN_SELF = YES;
				CLANG_WARN_OBJC_LITERAL_CONVERSION = YES;
				CLANG_WARN_OBJC_ROOT_CLASS = YES_ERROR;
				CLANG_WARN_QUOTED_INCLUDE_IN_FRAMEWORK_HEADER = YES;
				CLANG_WARN_RANGE_LOOP_ANALYSIS = YES;
				CLANG_WARN_STRICT_PROTOTYPES = YES;
				CLANG_WARN_SUSPICIOUS_MOVE = YES;
				CLANG_WARN_UNGUARDED_AVAILABILITY = YES_AGGRESSIVE;
				CLANG_WARN_UNREACHABLE_CODE = YES;
				CLANG_WARN__DUPLICATE_METHOD_MATCH = YES;
				COPY_PHASE_STRIP = NO;
				DEBUG_INFORMATION_FORMAT = dwarf;
				ENABLE_STRICT_OBJC_MSGSEND = YES;
				ENABLE_TESTABILITY = YES;
				ENABLE_USER_SCRIPT_SANDBOXING = YES;
				GCC_C_LANGUAGE_STANDARD = gnu17;
				GCC_DYNAMIC_NO_PIC = NO;
				GCC_NO_COMMON_BLOCKS = YES;
				GCC_OPTIMIZATION_LEVEL = 0;
				GCC_PREPROCESSOR_DEFINITIONS = (
					"DEBUG=1",
					"$(inherited)",
				);
				GCC_WARN_64_TO_32_BIT_CONVERSION = YES;
				GCC_WARN_ABOUT_RETURN_TYPE = YES_ERROR;
				GCC_WARN_UNDECLARED_SELECTOR = YES;
				GCC_WARN_UNINITIALIZED_AUTOS = YES_AGGRESSIVE;
				GCC_WARN_UNUSED_FUNCTION = YES;
				GCC_WARN_UNUSED_VARIABLE = YES;
				IPHONEOS_DEPLOYMENT_TARGET = 18.2;
				LOCALIZATION_PREFERS_STRING_CATALOGS = YES;
				MTL_ENABLE_DEBUG_INFO = INCLUDE_SOURCE;
				MTL_FAST_MATH = YES;
				ONLY_ACTIVE_ARCH = YES;
				SDKROOT = iphoneos;
				SWIFT_ACTIVE_COMPILATION_CONDITIONS = "DEBUG $(inherited)";
				SWIFT_OPTIMIZATION_LEVEL = "-Onone";
			};
			name = Debug;
		};
		1886574F2EDDECEC00C1F0F9 /* Release */ = {
			isa = XCBuildConfiguration;
			buildSettings = {
				ALWAYS_SEARCH_USER_PATHS = NO;
				ASSETCATALOG_COMPILER_GENERATE_SWIFT_ASSET_SYMBOL_EXTENSIONS = YES;
				CLANG_ANALYZER_NONNULL = YES;
				CLANG_ANALYZER_NUMBER_OBJECT_CONVERSION = YES_AGGRESSIVE;
				CLANG_CXX_LANGUAGE_STANDARD = "gnu++20";
				CLANG_ENABLE_MODULES = YES;
				CLANG_ENABLE_OBJC_ARC = YES;
				CLANG_ENABLE_OBJC_WEAK = YES;
				CLANG_WARN_BLOCK_CAPTURE_AUTORELEASING = YES;
				CLANG_WARN_BOOL_CONVERSION = YES;
				CLANG_WARN_COMMA = YES;
				CLANG_WARN_CONSTANT_CONVERSION = YES;
				CLANG_WARN_DEPRECATED_OBJC_IMPLEMENTATIONS = YES;
				CLANG_WARN_DIRECT_OBJC_ISA_USAGE = YES_ERROR;
				CLANG_WARN_DOCUMENTATION_COMMENTS = YES;
				CLANG_WARN_EMPTY_BODY = YES;
				CLANG_WARN_ENUM_CONVERSION = YES;
				CLANG_WARN_INFINITE_RECURSION = YES;
				CLANG_WARN_INT_CONVERSION = YES;
				CLANG_WARN_NON_LITERAL_NULL_CONVERSION = YES;
				CLANG_WARN_OBJC_IMPLICIT_RETAIN_SELF = YES;
				CLANG_WARN_OBJC_LITERAL_CONVERSION = YES;
				CLANG_WARN_OBJC_ROOT_CLASS = YES_ERROR;
				CLANG_WARN_QUOTED_INCLUDE_IN_FRAMEWORK_HEADER = YES;
				CLANG_WARN_RANGE_LOOP_ANALYSIS = YES;
				CLANG_WARN_STRICT_PROTOTYPES = YES;
				CLANG_WARN_SUSPICIOUS_MOVE = YES;
				CLANG_WARN_UNGUARDED_AVAILABILITY = YES_AGGRESSIVE;
				CLANG_WARN_UNREACHABLE_CODE = YES;
				CLANG_WARN__DUPLICATE_METHOD_MATCH = YES;
				COPY_PHASE_STRIP = NO;
				DEBUG_INFORMATION_FORMAT = "dwarf-with-dsym";
				ENABLE_NS_ASSERTIONS = NO;
				ENABLE_STRICT_OBJC_MSGSEND = YES;
				ENABLE_USER_SCRIPT_SANDBOXING = YES;
				GCC_C_LANGUAGE_STANDARD = gnu17;
				GCC_NO_COMMON_BLOCKS = YES;
				GCC_WARN_64_TO_32_BIT_CONVERSION = YES;
				GCC_WARN_ABOUT_RETURN_TYPE = YES_ERROR;
				GCC_WARN_UNDECLARED_SELECTOR = YES;
				GCC_WARN_UNINITIALIZED_AUTOS = YES_AGGRESSIVE;
				GCC_WARN_UNUSED_FUNCTION = YES;
				GCC_WARN_UNUSED_VARIABLE = YES;
				IPHONEOS_DEPLOYMENT_TARGET = 18.2;
				LOCALIZATION_PREFERS_STRING_CATALOGS = YES;
				MTL_ENABLE_DEBUG_INFO = NO;
				MTL_FAST_MATH = YES;
				SDKROOT = iphoneos;
				SWIFT_COMPILATION_MODE = wholemodule;
				VALIDATE_PRODUCT = YES;
			};
			name = Release;
		};
		188657512EDDECEC00C1F0F9 /* Debug */ = {
			isa = XCBuildConfiguration;
			buildSettings = {
				ASSETCATALOG_COMPILER_APPICON_NAME = AppIcon;
				ASSETCATALOG_COMPILER_GLOBAL_ACCENT_COLOR_NAME = AccentColor;
				CODE_SIGN_ENTITLEMENTS = LocalLink/LocalLink.entitlements;
				CODE_SIGN_IDENTITY = "Apple Development";
				CODE_SIGN_STYLE = Automatic;
				CURRENT_PROJECT_VERSION = 10;
				DEVELOPMENT_ASSET_PATHS = "\"LocalLink/Preview Content\"";
				DEVELOPMENT_TEAM = 3XJ7737Y29;
				ENABLE_PREVIEWS = YES;
				GENERATE_INFOPLIST_FILE = YES;
				INFOPLIST_FILE = LocalLink/Info.plist;
				INFOPLIST_KEY_NSLocationWhenInUseUsageDescription = "";
				INFOPLIST_KEY_NSPhotoLibraryUsageDescription = "";
				INFOPLIST_KEY_UIApplicationSceneManifest_Generation = YES;
				INFOPLIST_KEY_UIApplicationSupportsIndirectInputEvents = YES;
				INFOPLIST_KEY_UILaunchScreen_Generation = YES;
				INFOPLIST_KEY_UISupportedInterfaceOrientations_iPad = "UIInterfaceOrientationPortrait UIInterfaceOrientationPortraitUpsideDown UIInterfaceOrientationLandscapeLeft UIInterfaceOrientationLandscapeRight";
				INFOPLIST_KEY_UISupportedInterfaceOrientations_iPhone = "UIInterfaceOrientationPortrait UIInterfaceOrientationLandscapeLeft UIInterfaceOrientationLandscapeRight";
				LD_RUNPATH_SEARCH_PATHS = (
					"$(inherited)",
					"@executable_path/Frameworks",
				);
				MARKETING_VERSION = 1.0;
				PRODUCT_BUNDLE_IDENTIFIER = "Canine-Connections.LocalLink";
				PRODUCT_NAME = "$(TARGET_NAME)";
				PROVISIONING_PROFILE_SPECIFIER = "";
				SWIFT_EMIT_LOC_STRINGS = YES;
				SWIFT_VERSION = 5.0;
				TARGETED_DEVICE_FAMILY = "1,2";
			};
			name = Debug;
		};
		188657522EDDECEC00C1F0F9 /* Release */ = {
			isa = XCBuildConfiguration;
			buildSettings = {
				ASSETCATALOG_COMPILER_APPICON_NAME = AppIcon;
				ASSETCATALOG_COMPILER_GLOBAL_ACCENT_COLOR_NAME = AccentColor;
				CODE_SIGN_ENTITLEMENTS = LocalLink/LocalLink.entitlements;
				CODE_SIGN_IDENTITY = "Apple Development";
				CODE_SIGN_STYLE = Automatic;
				CURRENT_PROJECT_VERSION = 10;
				DEVELOPMENT_ASSET_PATHS = "\"LocalLink/Preview Content\"";
				DEVELOPMENT_TEAM = 3XJ7737Y29;
				ENABLE_PREVIEWS = YES;
				GENERATE_INFOPLIST_FILE = YES;
				INFOPLIST_FILE = LocalLink/Info.plist;
				INFOPLIST_KEY_NSLocationWhenInUseUsageDescription = "";
				INFOPLIST_KEY_NSPhotoLibraryUsageDescription = "";
				INFOPLIST_KEY_UIApplicationSceneManifest_Generation = YES;
				INFOPLIST_KEY_UIApplicationSupportsIndirectInputEvents = YES;
				INFOPLIST_KEY_UILaunchScreen_Generation = YES;
				INFOPLIST_KEY_UISupportedInterfaceOrientations_iPad = "UIInterfaceOrientationPortrait UIInterfaceOrientationPortraitUpsideDown UIInterfaceOrientationLandscapeLeft UIInterfaceOrientationLandscapeRight";
				INFOPLIST_KEY_UISupportedInterfaceOrientations_iPhone = "UIInterfaceOrientationPortrait UIInterfaceOrientationLandscapeLeft UIInterfaceOrientationLandscapeRight";
				LD_RUNPATH_SEARCH_PATHS = (
					"$(inherited)",
					"@executable_path/Frameworks",
				);
				MARKETING_VERSION = 1.0;
				PRODUCT_BUNDLE_IDENTIFIER = "Canine-Connections.LocalLink";
				PRODUCT_NAME = "$(TARGET_NAME)";
				PROVISIONING_PROFILE_SPECIFIER = "";
				SWIFT_EMIT_LOC_STRINGS = YES;
				SWIFT_VERSION = 5.0;
				TARGETED_DEVICE_FAMILY = "1,2";
			};
			name = Release;
		};
		188657542EDDECEC00C1F0F9 /* Debug */ = {
			isa = XCBuildConfiguration;
			buildSettings = {
				BUNDLE_LOADER = "$(TEST_HOST)";
				CODE_SIGN_STYLE = Automatic;
				CURRENT_PROJECT_VERSION = 1;
				GENERATE_INFOPLIST_FILE = YES;
				IPHONEOS_DEPLOYMENT_TARGET = 18.2;
				MARKETING_VERSION = 1.0;
				PRODUCT_BUNDLE_IDENTIFIER = "Canine-Connections.LocalLinkTests";
				PRODUCT_NAME = "$(TARGET_NAME)";
				SWIFT_EMIT_LOC_STRINGS = NO;
				SWIFT_VERSION = 5.0;
				TARGETED_DEVICE_FAMILY = "1,2";
				TEST_HOST = "$(BUILT_PRODUCTS_DIR)/LocalLink.app/$(BUNDLE_EXECUTABLE_FOLDER_PATH)/LocalLink";
			};
			name = Debug;
		};
		188657552EDDECEC00C1F0F9 /* Release */ = {
			isa = XCBuildConfiguration;
			buildSettings = {
				BUNDLE_LOADER = "$(TEST_HOST)";
				CODE_SIGN_STYLE = Automatic;
				CURRENT_PROJECT_VERSION = 1;
				GENERATE_INFOPLIST_FILE = YES;
				IPHONEOS_DEPLOYMENT_TARGET = 18.2;
				MARKETING_VERSION = 1.0;
				PRODUCT_BUNDLE_IDENTIFIER = "Canine-Connections.LocalLinkTests";
				PRODUCT_NAME = "$(TARGET_NAME)";
				SWIFT_EMIT_LOC_STRINGS = NO;
				SWIFT_VERSION = 5.0;
				TARGETED_DEVICE_FAMILY = "1,2";
				TEST_HOST = "$(BUILT_PRODUCTS_DIR)/LocalLink.app/$(BUNDLE_EXECUTABLE_FOLDER_PATH)/LocalLink";
			};
			name = Release;
		};
		188657572EDDECEC00C1F0F9 /* Debug */ = {
			isa = XCBuildConfiguration;
			buildSettings = {
				CODE_SIGN_STYLE = Automatic;
				CURRENT_PROJECT_VERSION = 1;
				GENERATE_INFOPLIST_FILE = YES;
				MARKETING_VERSION = 1.0;
				PRODUCT_BUNDLE_IDENTIFIER = "Canine-Connections.LocalLinkUITests";
				PRODUCT_NAME = "$(TARGET_NAME)";
				SWIFT_EMIT_LOC_STRINGS = NO;
				SWIFT_VERSION = 5.0;
				TARGETED_DEVICE_FAMILY = "1,2";
				TEST_TARGET_NAME = LocalLink;
			};
			name = Debug;
		};
		188657582EDDECEC00C1F0F9 /* Release */ = {
			isa = XCBuildConfiguration;
			buildSettings = {
				CODE_SIGN_STYLE = Automatic;
				CURRENT_PROJECT_VERSION = 1;
				GENERATE_INFOPLIST_FILE = YES;
				MARKETING_VERSION = 1.0;
				PRODUCT_BUNDLE_IDENTIFIER = "Canine-Connections.LocalLinkUITests";
				PRODUCT_NAME = "$(TARGET_NAME)";
				SWIFT_EMIT_LOC_STRINGS = NO;
				SWIFT_VERSION = 5.0;
				TARGETED_DEVICE_FAMILY = "1,2";
				TEST_TARGET_NAME = LocalLink;
			};
			name = Release;
		};
/* End XCBuildConfiguration section */

/* Begin XCConfigurationList section */
		188657272EDDECEA00C1F0F9 /* Build configuration list for PBXProject "LocalLink" */ = {
			isa = XCConfigurationList;
			buildConfigurations = (
				1886574E2EDDECEC00C1F0F9 /* Debug */,
				1886574F2EDDECEC00C1F0F9 /* Release */,
			);
			defaultConfigurationIsVisible = 0;
			defaultConfigurationName = Release;
		};
		188657502EDDECEC00C1F0F9 /* Build configuration list for PBXNativeTarget "LocalLink" */ = {
			isa = XCConfigurationList;
			buildConfigurations = (
				188657512EDDECEC00C1F0F9 /* Debug */,
				188657522EDDECEC00C1F0F9 /* Release */,
			);
			defaultConfigurationIsVisible = 0;
			defaultConfigurationName = Release;
		};
		188657532EDDECEC00C1F0F9 /* Build configuration list for PBXNativeTarget "LocalLinkTests" */ = {
			isa = XCConfigurationList;
			buildConfigurations = (
				188657542EDDECEC00C1F0F9 /* Debug */,
				188657552EDDECEC00C1F0F9 /* Release */,
			);
			defaultConfigurationIsVisible = 0;
			defaultConfigurationName = Release;
		};
		188657562EDDECEC00C1F0F9 /* Build configuration list for PBXNativeTarget "LocalLinkUITests" */ = {
			isa = XCConfigurationList;
			buildConfigurations = (
				188657572EDDECEC00C1F0F9 /* Debug */,
				188657582EDDECEC00C1F0F9 /* Release */,
			);
			defaultConfigurationIsVisible = 0;
			defaultConfigurationName = Release;
		};
/* End XCConfigurationList section */

/* Begin XCRemoteSwiftPackageReference section */
		18A3464D2EE63BCD0037116F /* XCRemoteSwiftPackageReference "SDWebImageSwiftUI" */ = {
			isa = XCRemoteSwiftPackageReference;
			repositoryURL = "https://github.com/SDWebImage/SDWebImageSwiftUI";
			requirement = {
				kind = upToNextMajorVersion;
				minimumVersion = 3.1.4;
			};
		};
		18B3EA422F4348290010CCA7 /* XCRemoteSwiftPackageReference "GoogleSignIn-iOS" */ = {
			isa = XCRemoteSwiftPackageReference;
			repositoryURL = "https://github.com/google/GoogleSignIn-iOS";
			requirement = {
				kind = upToNextMajorVersion;
				minimumVersion = 7.0.0;
			};
		};
		18B3EDE12F453EBB0010CCA7 /* XCRemoteSwiftPackageReference "stripe-ios" */ = {
			isa = XCRemoteSwiftPackageReference;
			repositoryURL = "https://github.com/stripe/stripe-ios";
			requirement = {
				kind = upToNextMajorVersion;
				minimumVersion = 25.6.3;
			};
		};
		18EF23AA2F00A14600660677 /* XCRemoteSwiftPackageReference "firebase-ios-sdk" */ = {
			isa = XCRemoteSwiftPackageReference;
			repositoryURL = "https://github.com/firebase/firebase-ios-sdk.git";
			requirement = {
				kind = upToNextMajorVersion;
				minimumVersion = 10.25.0;
			};
		};
/* End XCRemoteSwiftPackageReference section */

/* Begin XCSwiftPackageProductDependency section */
		18B3EA432F4348290010CCA7 /* GoogleSignIn */ = {
			isa = XCSwiftPackageProductDependency;
			package = 18B3EA422F4348290010CCA7 /* XCRemoteSwiftPackageReference "GoogleSignIn-iOS" */;
			productName = GoogleSignIn;
		};
		18B3EA452F4348290010CCA7 /* GoogleSignInSwift */ = {
			isa = XCSwiftPackageProductDependency;
			package = 18B3EA422F4348290010CCA7 /* XCRemoteSwiftPackageReference "GoogleSignIn-iOS" */;
			productName = GoogleSignInSwift;
		};
		18B3EDDF2F453AFD0010CCA7 /* FirebaseFunctions */ = {
			isa = XCSwiftPackageProductDependency;
			package = 18EF23AA2F00A14600660677 /* XCRemoteSwiftPackageReference "firebase-ios-sdk" */;
			productName = FirebaseFunctions;
		};
		18B3EDE22F453EBB0010CCA7 /* StripePaymentSheet */ = {
			isa = XCSwiftPackageProductDependency;
			package = 18B3EDE12F453EBB0010CCA7 /* XCRemoteSwiftPackageReference "stripe-ios" */;
			productName = StripePaymentSheet;
		};
		18B3EDE42F4549820010CCA7 /* Stripe */ = {
			isa = XCSwiftPackageProductDependency;
			package = 18B3EDE12F453EBB0010CCA7 /* XCRemoteSwiftPackageReference "stripe-ios" */;
			productName = Stripe;
		};
		18EF23AB2F00A14600660677 /* FirebaseAuth */ = {
			isa = XCSwiftPackageProductDependency;
			package = 18EF23AA2F00A14600660677 /* XCRemoteSwiftPackageReference "firebase-ios-sdk" */;
			productName = FirebaseAuth;
		};
		18EF23AD2F00A14600660677 /* FirebaseFirestore */ = {
			isa = XCSwiftPackageProductDependency;
			package = 18EF23AA2F00A14600660677 /* XCRemoteSwiftPackageReference "firebase-ios-sdk" */;
			productName = FirebaseFirestore;
		};
		18EF23AF2F00A14600660677 /* FirebaseFirestoreSwift */ = {
			isa = XCSwiftPackageProductDependency;
			package = 18EF23AA2F00A14600660677 /* XCRemoteSwiftPackageReference "firebase-ios-sdk" */;
			productName = FirebaseFirestoreSwift;
		};
		18EF23B12F00A14600660677 /* FirebaseStorage */ = {
			isa = XCSwiftPackageProductDependency;
			package = 18EF23AA2F00A14600660677 /* XCRemoteSwiftPackageReference "firebase-ios-sdk" */;
			productName = FirebaseStorage;
		};
/* End XCSwiftPackageProductDependency section */
	};
	rootObject = 188657242EDDECEA00C1F0F9 /* Project object */;
}
